
Microsoft Visual Studio Solution File, Format Version 12.00
# Visual Studio Version 17
VisualStudioVersion = 17.13.35919.96 d17.13
MinimumVisualStudioVersion = 10.0.40219.1
Project("{8BC9CEB8-8B4A-11D0-8D11-00A0C91BC942}") = "тама", "тама\тама.vcxproj", "{7935D49A-EAEF-4462-A4B1-88419045BEBF}"
EndProject
Global
	GlobalSection(SolutionConfigurationPlatforms) = preSolution
		Debug|x64 = Debug|x64
		Debug|x86 = Debug|x86
		Release|x64 = Release|x64
		Release|x86 = Release|x86
	EndGlobalSection
	GlobalSection(ProjectConfigurationPlatforms) = postSolution
		{7935D49A-EAEF-4462-A4B1-88419045BEBF}.Debug|x64.ActiveCfg = Debug|x64
		{7935D49A-EAEF-4462-A4B1-88419045BEBF}.Debug|x64.Build.0 = Debug|x64
		{7935D49A-EAEF-4462-A4B1-88419045BEBF}.Debug|x86.ActiveCfg = Debug|Win32
		{7935D49A-EAEF-4462-A4B1-88419045BEBF}.Debug|x86.Build.0 = Debug|Win32
		{7935D49A-EAEF-4462-A4B1-88419045BEBF}.Release|x64.ActiveCfg = Release|x64
		{7935D49A-EAEF-4462-A4B1-88419045BEBF}.Release|x64.Build.0 = Release|x64
		{7935D49A-EAEF-4462-A4B1-88419045BEBF}.Release|x86.ActiveCfg = Release|Win32
		{7935D49A-EAEF-4462-A4B1-88419045BEBF}.Release|x86.Build.0 = Release|Win32
	EndGlobalSection
	GlobalSection(SolutionProperties) = preSolution
		HideSolutionNode = FALSE
	EndGlobalSection
	GlobalSection(ExtensibilityGlobals) = postSolution
		SolutionGuid = {B912C71D-F24A-4E21-A000-AA83B52966C8}
	EndGlobalSection
EndGlobal
